
Microsoft Visual Studio Solution File, Format Version 12.00
# Visual Studio 14
VisualStudioVersion = 14.0.25420.1
MinimumVisualStudioVersion = 10.0.40219.1
Project("{FAE04EC0-301F-11D3-BF4B-00C04F79EFBC}") = "StaticWise.Console", "StaticWise.Console\StaticWise.Console.csproj", "{D47120E6-5A46-4E56-BEA4-823217789DBD}"
EndProject
Project("{FAE04EC0-301F-11D3-BF4B-00C04F79EFBC}") = "StaticWise.Compiler.Components", "StaticWise.Compiler.Components\StaticWise.Compiler.Components.csproj", "{6BA3040C-CF57-40A1-9D8D-5B3196D4972A}"
EndProject
Project("{FAE04EC0-301F-11D3-BF4B-00C04F79EFBC}") = "StaticWise.Common", "StaticWise.Common\StaticWise.Common.csproj", "{37BD1E3B-CC47-44DC-89BC-B24AE422C356}"
EndProject
Project("{FAE04EC0-301F-11D3-BF4B-00C04F79EFBC}") = "StaticWise.Compiler", "StaticWise.Compiler\StaticWise.Compiler.csproj", "{1C7691A7-2019-4908-8562-803893AE6A04}"
EndProject
Project("{FAE04EC0-301F-11D3-BF4B-00C04F79EFBC}") = "StaticWise.Entities", "StaticWise.Entities\StaticWise.Entities.csproj", "{87AE976C-9793-4EC7-8E43-6467DEA3E02A}"
EndProject
Global
	GlobalSection(SolutionConfigurationPlatforms) = preSolution
		Debug|Any CPU = Debug|Any CPU
		Release|Any CPU = Release|Any CPU
	EndGlobalSection
	GlobalSection(ProjectConfigurationPlatforms) = postSolution
		{D47120E6-5A46-4E56-BEA4-823217789DBD}.Debug|Any CPU.ActiveCfg = Debug|Any CPU
		{D47120E6-5A46-4E56-BEA4-823217789DBD}.Debug|Any CPU.Build.0 = Debug|Any CPU
		{D47120E6-5A46-4E56-BEA4-823217789DBD}.Release|Any CPU.ActiveCfg = Release|Any CPU
		{D47120E6-5A46-4E56-BEA4-823217789DBD}.Release|Any CPU.Build.0 = Release|Any CPU
		{6BA3040C-CF57-40A1-9D8D-5B3196D4972A}.Debug|Any CPU.ActiveCfg = Debug|Any CPU
		{6BA3040C-CF57-40A1-9D8D-5B3196D4972A}.Debug|Any CPU.Build.0 = Debug|Any CPU
		{6BA3040C-CF57-40A1-9D8D-5B3196D4972A}.Release|Any CPU.ActiveCfg = Release|Any CPU
		{6BA3040C-CF57-40A1-9D8D-5B3196D4972A}.Release|Any CPU.Build.0 = Release|Any CPU
		{37BD1E3B-CC47-44DC-89BC-B24AE422C356}.Debug|Any CPU.ActiveCfg = Debug|Any CPU
		{37BD1E3B-CC47-44DC-89BC-B24AE422C356}.Debug|Any CPU.Build.0 = Debug|Any CPU
		{37BD1E3B-CC47-44DC-89BC-B24AE422C356}.Release|Any CPU.ActiveCfg = Release|Any CPU
		{37BD1E3B-CC47-44DC-89BC-B24AE422C356}.Release|Any CPU.Build.0 = Release|Any CPU
		{1C7691A7-2019-4908-8562-803893AE6A04}.Debug|Any CPU.ActiveCfg = Debug|Any CPU
		{1C7691A7-2019-4908-8562-803893AE6A04}.Debug|Any CPU.Build.0 = Debug|Any CPU
		{1C7691A7-2019-4908-8562-803893AE6A04}.Release|Any CPU.ActiveCfg = Release|Any CPU
		{1C7691A7-2019-4908-8562-803893AE6A04}.Release|Any CPU.Build.0 = Release|Any CPU
		{87AE976C-9793-4EC7-8E43-6467DEA3E02A}.Debug|Any CPU.ActiveCfg = Debug|Any CPU
		{87AE976C-9793-4EC7-8E43-6467DEA3E02A}.Debug|Any CPU.Build.0 = Debug|Any CPU
		{87AE976C-9793-4EC7-8E43-6467DEA3E02A}.Release|Any CPU.ActiveCfg = Release|Any CPU
		{87AE976C-9793-4EC7-8E43-6467DEA3E02A}.Release|Any CPU.Build.0 = Release|Any CPU
	EndGlobalSection
	GlobalSection(SolutionProperties) = preSolution
		HideSolutionNode = FALSE
	EndGlobalSection
EndGlobal
